
Microsoft Visual Studio Solution File, Format Version 12.00
# Visual Studio Version 17
VisualStudioVersion = 17.12.35527.113 d17.12
MinimumVisualStudioVersion = 10.0.40219.1
Project("{FAE04EC0-301F-11D3-BF4B-00C04F79EFBC}") = "SimpleCSharpApp", "SimpleCSharpApp\SimpleCSharpApp.csproj", "{C94FAB4A-8864-4BE9-BF0D-8207A07EFB4A}"
EndProject
Project("{FAE04EC0-301F-11D3-BF4B-00C04F79EFBC}") = "BasicConsoleIO", "BasicConsoleIO\BasicConsoleIO.csproj", "{3FDA411B-F307-43D4-A450-C13BE772B00E}"
EndProject
Project("{FAE04EC0-301F-11D3-BF4B-00C04F79EFBC}") = "BasicTypes", "BasicTypes\BasicTypes.csproj", "{9A98B300-1B9A-450A-A0AA-C56F1C464F4F}"
EndProject
Global
	GlobalSection(SolutionConfigurationPlatforms) = preSolution
		Debug|Any CPU = Debug|Any CPU
		Release|Any CPU = Release|Any CPU
	EndGlobalSection
	GlobalSection(ProjectConfigurationPlatforms) = postSolution
		{C94FAB4A-8864-4BE9-BF0D-8207A07EFB4A}.Debug|Any CPU.ActiveCfg = Debug|Any CPU
		{C94FAB4A-8864-4BE9-BF0D-8207A07EFB4A}.Debug|Any CPU.Build.0 = Debug|Any CPU
		{C94FAB4A-8864-4BE9-BF0D-8207A07EFB4A}.Release|Any CPU.ActiveCfg = Release|Any CPU
		{C94FAB4A-8864-4BE9-BF0D-8207A07EFB4A}.Release|Any CPU.Build.0 = Release|Any CPU
		{3FDA411B-F307-43D4-A450-C13BE772B00E}.Debug|Any CPU.ActiveCfg = Debug|Any CPU
		{3FDA411B-F307-43D4-A450-C13BE772B00E}.Debug|Any CPU.Build.0 = Debug|Any CPU
		{3FDA411B-F307-43D4-A450-C13BE772B00E}.Release|Any CPU.ActiveCfg = Release|Any CPU
		{3FDA411B-F307-43D4-A450-C13BE772B00E}.Release|Any CPU.Build.0 = Release|Any CPU
		{9A98B300-1B9A-450A-A0AA-C56F1C464F4F}.Debug|Any CPU.ActiveCfg = Debug|Any CPU
		{9A98B300-1B9A-450A-A0AA-C56F1C464F4F}.Debug|Any CPU.Build.0 = Debug|Any CPU
		{9A98B300-1B9A-450A-A0AA-C56F1C464F4F}.Release|Any CPU.ActiveCfg = Release|Any CPU
		{9A98B300-1B9A-450A-A0AA-C56F1C464F4F}.Release|Any CPU.Build.0 = Release|Any CPU
	EndGlobalSection
	GlobalSection(SolutionProperties) = preSolution
		HideSolutionNode = FALSE
	EndGlobalSection
EndGlobal
